
Microsoft Visual Studio Solution File, Format Version 12.00
# Visual Studio Version 16
VisualStudioVersion = 16.0.29728.190
MinimumVisualStudioVersion = 10.0.40219.1
Project("{8BC9CEB8-8B4A-11D0-8D11-00A0C91BC942}") = "GeometricFigures", "GeometricFigures\GeometricFigures.vcxproj", "{CDBC865F-9A8F-4078-863C-94D6451FACB1}"
EndProject
Project("{8BC9CEB8-8B4A-11D0-8D11-00A0C91BC942}") = "GeometricFiguresTests", "GeometricFiguresTests\GeometricFiguresTests.vcxproj", "{2069D3DA-B4FE-4157-85F3-2E832A06253C}"
EndProject
Global
	GlobalSection(SolutionConfigurationPlatforms) = preSolution
		Debug|x64 = Debug|x64
		Debug|x86 = Debug|x86
		Release|x64 = Release|x64
		Release|x86 = Release|x86
	EndGlobalSection
	GlobalSection(ProjectConfigurationPlatforms) = postSolution
		{CDBC865F-9A8F-4078-863C-94D6451FACB1}.Debug|x64.ActiveCfg = Debug|x64
		{CDBC865F-9A8F-4078-863C-94D6451FACB1}.Debug|x64.Build.0 = Debug|x64
		{CDBC865F-9A8F-4078-863C-94D6451FACB1}.Debug|x86.ActiveCfg = Debug|Win32
		{CDBC865F-9A8F-4078-863C-94D6451FACB1}.Debug|x86.Build.0 = Debug|Win32
		{CDBC865F-9A8F-4078-863C-94D6451FACB1}.Release|x64.ActiveCfg = Release|x64
		{CDBC865F-9A8F-4078-863C-94D6451FACB1}.Release|x64.Build.0 = Release|x64
		{CDBC865F-9A8F-4078-863C-94D6451FACB1}.Release|x86.ActiveCfg = Release|Win32
		{CDBC865F-9A8F-4078-863C-94D6451FACB1}.Release|x86.Build.0 = Release|Win32
		{2069D3DA-B4FE-4157-85F3-2E832A06253C}.Debug|x64.ActiveCfg = Debug|x64
		{2069D3DA-B4FE-4157-85F3-2E832A06253C}.Debug|x64.Build.0 = Debug|x64
		{2069D3DA-B4FE-4157-85F3-2E832A06253C}.Debug|x86.ActiveCfg = Debug|Win32
		{2069D3DA-B4FE-4157-85F3-2E832A06253C}.Debug|x86.Build.0 = Debug|Win32
		{2069D3DA-B4FE-4157-85F3-2E832A06253C}.Release|x64.ActiveCfg = Release|x64
		{2069D3DA-B4FE-4157-85F3-2E832A06253C}.Release|x64.Build.0 = Release|x64
		{2069D3DA-B4FE-4157-85F3-2E832A06253C}.Release|x86.ActiveCfg = Release|Win32
		{2069D3DA-B4FE-4157-85F3-2E832A06253C}.Release|x86.Build.0 = Release|Win32
	EndGlobalSection
	GlobalSection(SolutionProperties) = preSolution
		HideSolutionNode = FALSE
	EndGlobalSection
	GlobalSection(ExtensibilityGlobals) = postSolution
		SolutionGuid = {51292A33-21FF-4051-987D-ACB5E5F6CC15}
	EndGlobalSection
EndGlobal
