
Microsoft Visual Studio Solution File, Format Version 12.00
# Visual Studio Version 16
VisualStudioVersion = 16.0.29728.190
MinimumVisualStudioVersion = 10.0.40219.1
Project("{8BC9CEB8-8B4A-11D0-8D11-00A0C91BC942}") = "Calculator", "Calculator\Calculator.vcxproj", "{6B94D825-3A36-4590-AE05-43A44C814AD5}"
EndProject
Project("{8BC9CEB8-8B4A-11D0-8D11-00A0C91BC942}") = "CalculatorTests", "CalculatorTests\CalculatorTests.vcxproj", "{D68B310B-B4FF-4CF9-A33F-936AEC260BCA}"
EndProject
Global
	GlobalSection(SolutionConfigurationPlatforms) = preSolution
		Debug|x64 = Debug|x64
		Debug|x86 = Debug|x86
		Release|x64 = Release|x64
		Release|x86 = Release|x86
	EndGlobalSection
	GlobalSection(ProjectConfigurationPlatforms) = postSolution
		{6B94D825-3A36-4590-AE05-43A44C814AD5}.Debug|x64.ActiveCfg = Debug|x64
		{6B94D825-3A36-4590-AE05-43A44C814AD5}.Debug|x64.Build.0 = Debug|x64
		{6B94D825-3A36-4590-AE05-43A44C814AD5}.Debug|x86.ActiveCfg = Debug|Win32
		{6B94D825-3A36-4590-AE05-43A44C814AD5}.Debug|x86.Build.0 = Debug|Win32
		{6B94D825-3A36-4590-AE05-43A44C814AD5}.Release|x64.ActiveCfg = Release|x64
		{6B94D825-3A36-4590-AE05-43A44C814AD5}.Release|x64.Build.0 = Release|x64
		{6B94D825-3A36-4590-AE05-43A44C814AD5}.Release|x86.ActiveCfg = Release|Win32
		{6B94D825-3A36-4590-AE05-43A44C814AD5}.Release|x86.Build.0 = Release|Win32
		{D68B310B-B4FF-4CF9-A33F-936AEC260BCA}.Debug|x64.ActiveCfg = Debug|x64
		{D68B310B-B4FF-4CF9-A33F-936AEC260BCA}.Debug|x64.Build.0 = Debug|x64
		{D68B310B-B4FF-4CF9-A33F-936AEC260BCA}.Debug|x86.ActiveCfg = Debug|Win32
		{D68B310B-B4FF-4CF9-A33F-936AEC260BCA}.Debug|x86.Build.0 = Debug|Win32
		{D68B310B-B4FF-4CF9-A33F-936AEC260BCA}.Release|x64.ActiveCfg = Release|x64
		{D68B310B-B4FF-4CF9-A33F-936AEC260BCA}.Release|x64.Build.0 = Release|x64
		{D68B310B-B4FF-4CF9-A33F-936AEC260BCA}.Release|x86.ActiveCfg = Release|Win32
		{D68B310B-B4FF-4CF9-A33F-936AEC260BCA}.Release|x86.Build.0 = Release|Win32
	EndGlobalSection
	GlobalSection(SolutionProperties) = preSolution
		HideSolutionNode = FALSE
	EndGlobalSection
	GlobalSection(ExtensibilityGlobals) = postSolution
		SolutionGuid = {AA8721F7-5256-49E1-9F26-250832497D5E}
	EndGlobalSection
EndGlobal
